
Microsoft Visual Studio Solution File, Format Version 12.00
# Visual Studio Version 17
VisualStudioVersion = 17.12.35506.116 d17.12
MinimumVisualStudioVersion = 10.0.40219.1
Project("{FAE04EC0-301F-11D3-BF4B-00C04F79EFBC}") = "SimpleSample", "SimpleSample\SimpleSample.csproj", "{7051E218-0CC7-48CC-AA59-1F0800523739}"
EndProject
Project("{FAE04EC0-301F-11D3-BF4B-00C04F79EFBC}") = "WindowsFormsControlLibrary", "WindowsFormsControlLibrary\WindowsFormsControlLibrary.csproj", "{86C1CD97-C510-47E3-80D5-5BCFBADA50D6}"
EndProject
Global
	GlobalSection(SolutionConfigurationPlatforms) = preSolution
		Debug|Any CPU = Debug|Any CPU
		Release|Any CPU = Release|Any CPU
	EndGlobalSection
	GlobalSection(ProjectConfigurationPlatforms) = postSolution
		{7051E218-0CC7-48CC-AA59-1F0800523739}.Debug|Any CPU.ActiveCfg = Debug|Any CPU
		{7051E218-0CC7-48CC-AA59-1F0800523739}.Debug|Any CPU.Build.0 = Debug|Any CPU
		{7051E218-0CC7-48CC-AA59-1F0800523739}.Release|Any CPU.ActiveCfg = Release|Any CPU
		{7051E218-0CC7-48CC-AA59-1F0800523739}.Release|Any CPU.Build.0 = Release|Any CPU
		{86C1CD97-C510-47E3-80D5-5BCFBADA50D6}.Debug|Any CPU.ActiveCfg = Debug|Any CPU
		{86C1CD97-C510-47E3-80D5-5BCFBADA50D6}.Debug|Any CPU.Build.0 = Debug|Any CPU
		{86C1CD97-C510-47E3-80D5-5BCFBADA50D6}.Release|Any CPU.ActiveCfg = Release|Any CPU
		{86C1CD97-C510-47E3-80D5-5BCFBADA50D6}.Release|Any CPU.Build.0 = Release|Any CPU
	EndGlobalSection
	GlobalSection(SolutionProperties) = preSolution
		HideSolutionNode = FALSE
	EndGlobalSection
EndGlobal
